
Microsoft Visual Studio Solution File, Format Version 12.00
# Visual Studio Version 16
VisualStudioVersion = 16.0.29409.12
MinimumVisualStudioVersion = 10.0.40219.1
Project("{FAE04EC0-301F-11D3-BF4B-00C04F79EFBC}") = "ListingDataServiceV1", "ListingDataServiceV1\ListingDataServiceV1.csproj", "{F864C3D4-34F5-47B0-BA31-D4E0E771821D}"
EndProject
Global
	GlobalSection(SolutionConfigurationPlatforms) = preSolution
		Debug|Any CPU = Debug|Any CPU
		Release|Any CPU = Release|Any CPU
	EndGlobalSection
	GlobalSection(ProjectConfigurationPlatforms) = postSolution
		{F864C3D4-34F5-47B0-BA31-D4E0E771821D}.Debug|Any CPU.ActiveCfg = Debug|Any CPU
		{F864C3D4-34F5-47B0-BA31-D4E0E771821D}.Debug|Any CPU.Build.0 = Debug|Any CPU
		{F864C3D4-34F5-47B0-BA31-D4E0E771821D}.Release|Any CPU.ActiveCfg = Release|Any CPU
		{F864C3D4-34F5-47B0-BA31-D4E0E771821D}.Release|Any CPU.Build.0 = Release|Any CPU
	EndGlobalSection
	GlobalSection(SolutionProperties) = preSolution
		HideSolutionNode = FALSE
	EndGlobalSection
	GlobalSection(ExtensibilityGlobals) = postSolution
		SolutionGuid = {E22C78A0-60FA-4ECF-846B-E0E3AE8EFF95}
	EndGlobalSection
EndGlobal
